
Microsoft Visual Studio Solution File, Format Version 12.00
# Visual Studio 15
VisualStudioVersion = 15.0.28307.705
MinimumVisualStudioVersion = 10.0.40219.1
Project("{FAE04EC0-301F-11D3-BF4B-00C04F79EFBC}") = "Automate MercuryTours", "Automate MercuryTours\Automate MercuryTours.csproj", "{05C663D2-4B27-4E14-853B-CB18EFF88CA0}"
EndProject
Global
	GlobalSection(SolutionConfigurationPlatforms) = preSolution
		Debug|Any CPU = Debug|Any CPU
		Release|Any CPU = Release|Any CPU
	EndGlobalSection
	GlobalSection(ProjectConfigurationPlatforms) = postSolution
		{05C663D2-4B27-4E14-853B-CB18EFF88CA0}.Debug|Any CPU.ActiveCfg = Debug|Any CPU
		{05C663D2-4B27-4E14-853B-CB18EFF88CA0}.Debug|Any CPU.Build.0 = Debug|Any CPU
		{05C663D2-4B27-4E14-853B-CB18EFF88CA0}.Release|Any CPU.ActiveCfg = Release|Any CPU
		{05C663D2-4B27-4E14-853B-CB18EFF88CA0}.Release|Any CPU.Build.0 = Release|Any CPU
	EndGlobalSection
	GlobalSection(SolutionProperties) = preSolution
		HideSolutionNode = FALSE
	EndGlobalSection
	GlobalSection(ExtensibilityGlobals) = postSolution
		SolutionGuid = {D1ED2070-9890-4A68-9106-C675BD8355FC}
	EndGlobalSection
EndGlobal
